# THIS IS AN AUTOGENERATED FILE. DO NOT EDIT THIS FILE DIRECTLY.
# yarn lockfile v1


"@aurora-ngx/schematics@^1.0.12":
  version "1.0.12"
  resolved "https://registry.yarnpkg.com/@aurora-ngx/schematics/-/schematics-1.0.12.tgz#46872eaa9ae5842c650b175520899ecd4ce7d7d7"
  integrity sha512-WHIBpqdcTge5b+Issfb9MmdaYBNjjLEUcKO3rQ/VeTLxAvwSkemnf+iTBkgPUuacvVPz16O+axMU5ozpcnZBZQ==
